# This file is automatically @generated by Cargo.
# It is not intended for manual editing.
version = 4

[[package]]
name = "subcell"
version = "0.0.1"
dependencies = [
 "subcell-blit",
 "subcell-caps",
 "subcell-chan",
 "subcell-color",
 "subcell-cov",
 "subcell-in",
 "subcell-px",
 "subcell-scene",
]

[[package]]
name = "subcell-blit"
version = "0.0.1"
dependencies = [
 "subcell-color",
]

[[package]]
name = "subcell-caps"
version = "0.0.1"
dependencies = [
 "subcell-blit",
]

[[package]]
name = "subcell-chan"
version = "0.0.1"
dependencies = [
 "subcell-color",
]

[[package]]
name = "subcell-color"
version = "0.0.1"

[[package]]
name = "subcell-cov"
version = "0.0.1"
dependencies = [
 "subcell-color",
 "subcell-scene",
]

[[package]]
name = "subcell-in"
version = "0.0.1"
dependencies = [
 "subcell-scene",
]

[[package]]
name = "subcell-px"
version = "0.0.1"
dependencies = [
 "subcell-caps",
]

[[package]]
name = "subcell-scene"
version = "0.0.1"
dependencies = [
 "subcell-color",
]
